[[package]]
name = "bit_field"
version = "0.9.0"
source = "registry+https://github.com/rust-lang/crates.io-index"

[[package]]
name = "bitflags"
version = "0.7.0"
source = "registry+https://github.com/rust-lang/crates.io-index"

[[package]]
name = "bitflags"
version = "1.0.1"
source = "registry+https://github.com/rust-lang/crates.io-index"

[[package]]
name = "cc"
version = "1.0.14"
source = "registry+https://github.com/rust-lang/crates.io-index"

[[package]]
name = "cretonne-codegen"
version = "0.8.0"
dependencies = [
 "cretonne-entity 0.8.0",
 "failure 0.1.1 (registry+https://github.com/rust-lang/crates.io-index)",
 "failure_derive 0.1.1 (registry+https://github.com/rust-lang/crates.io-index)",
 "hashmap_core 0.1.5 (registry+https://github.com/rust-lang/crates.io-index)",
]

[[package]]
name = "cretonne-entity"
version = "0.8.0"

[[package]]
name = "cretonne-frontend"
version = "0.8.0"
dependencies = [
 "cretonne-codegen 0.8.0",
]

[[package]]
name = "cretonne-native"
version = "0.8.0"
dependencies = [
 "cretonne-codegen 0.8.0",
 "raw-cpuid 3.1.0 (registry+https://github.com/rust-lang/crates.io-index)",
]

[[package]]
name = "cretonne-wasm"
version = "0.8.0"
dependencies = [
 "cretonne-codegen 0.8.0",
 "cretonne-frontend 0.8.0",
 "failure 0.1.1 (registry+https://github.com/rust-lang/crates.io-index)",
 "failure_derive 0.1.1 (registry+https://github.com/rust-lang/crates.io-index)",
 "hashmap_core 0.1.5 (registry+https://github.com/rust-lang/crates.io-index)",
 "wasmparser 0.16.1 (registry+https://github.com/rust-lang/crates.io-index)",
]

[[package]]
name = "failure"
version = "0.1.1"
source = "registry+https://github.com/rust-lang/crates.io-index"
dependencies = [
 "failure_derive 0.1.1 (registry+https://github.com/rust-lang/crates.io-index)",
]

[[package]]
name = "failure_derive"
version = "0.1.1"
source = "registry+https://github.com/rust-lang/crates.io-index"
dependencies = [
 "quote 0.3.15 (registry+https://github.com/rust-lang/crates.io-index)",
 "syn 0.11.11 (registry+https://github.com/rust-lang/crates.io-index)",
 "synstructure 0.6.1 (registry+https://github.com/rust-lang/crates.io-index)",
]

[[package]]
name = "hashmap_core"
version = "0.1.5"
source = "registry+https://github.com/rust-lang/crates.io-index"

[[package]]
name = "lazy_static"
version = "1.0.0"
source = "registry+https://github.com/rust-lang/crates.io-index"
dependencies = [
 "spin 0.4.7 (registry+https://github.com/rust-lang/crates.io-index)",
]

[[package]]
name = "nebulet"
version = "0.1.0"
dependencies = [
 "bit_field 0.9.0 (registry+https://github.com/rust-lang/crates.io-index)",
 "bitflags 1.0.1 (registry+https://github.com/rust-lang/crates.io-index)",
 "cretonne-codegen 0.8.0",
 "cretonne-frontend 0.8.0",
 "cretonne-native 0.8.0",
 "cretonne-wasm 0.8.0",
 "hashmap_core 0.1.5 (registry+https://github.com/rust-lang/crates.io-index)",
 "lazy_static 1.0.0 (registry+https://github.com/rust-lang/crates.io-index)",
 "nebulet-derive 0.1.0",
 "nebulet_abi 0.1.0",
 "nil 0.1.0",
 "os_bootinfo 0.2.0 (registry+https://github.com/rust-lang/crates.io-index)",
 "rlibc 1.0.0 (registry+https://github.com/rust-lang/crates.io-index)",
 "spin 0.4.7 (registry+https://github.com/rust-lang/crates.io-index)",
 "wasmparser 0.16.1 (registry+https://github.com/rust-lang/crates.io-index)",
 "x86_64 0.2.0-alpha-019 (registry+https://github.com/rust-lang/crates.io-index)",
]

[[package]]
name = "nebulet-derive"
version = "0.1.0"
dependencies = [
 "proc-macro2 0.4.3 (registry+https://github.com/rust-lang/crates.io-index)",
 "quote 0.6.2 (registry+https://github.com/rust-lang/crates.io-index)",
 "syn 0.14.0 (registry+https://github.com/rust-lang/crates.io-index)",
]

[[package]]
name = "nebulet_abi"
version = "0.1.0"
dependencies = [
 "bitflags 1.0.1 (registry+https://github.com/rust-lang/crates.io-index)",
]

[[package]]
name = "nil"
version = "0.1.0"

[[package]]
name = "os_bootinfo"
version = "0.2.0"
source = "registry+https://github.com/rust-lang/crates.io-index"

[[package]]
name = "proc-macro2"
version = "0.4.3"
source = "registry+https://github.com/rust-lang/crates.io-index"
dependencies = [
 "unicode-xid 0.1.0 (registry+https://github.com/rust-lang/crates.io-index)",
]

[[package]]
name = "quote"
version = "0.3.15"
source = "registry+https://github.com/rust-lang/crates.io-index"

[[package]]
name = "quote"
version = "0.6.2"
source = "registry+https://github.com/rust-lang/crates.io-index"
dependencies = [
 "proc-macro2 0.4.3 (registry+https://github.com/rust-lang/crates.io-index)",
]

[[package]]
name = "raw-cpuid"
version = "3.1.0"
source = "registry+https://github.com/rust-lang/crates.io-index"
dependencies = [
 "bitflags 0.7.0 (registry+https://github.com/rust-lang/crates.io-index)",
 "cc 1.0.14 (registry+https://github.com/rust-lang/crates.io-index)",
]

[[package]]
name = "rlibc"
version = "1.0.0"
source = "registry+https://github.com/rust-lang/crates.io-index"

[[package]]
name = "spin"
version = "0.4.7"
source = "registry+https://github.com/rust-lang/crates.io-index"

[[package]]
name = "syn"
version = "0.11.11"
source = "registry+https://github.com/rust-lang/crates.io-index"
dependencies = [
 "quote 0.3.15 (registry+https://github.com/rust-lang/crates.io-index)",
 "synom 0.11.3 (registry+https://github.com/rust-lang/crates.io-index)",
 "unicode-xid 0.0.4 (registry+https://github.com/rust-lang/crates.io-index)",
]

[[package]]
name = "syn"
version = "0.14.0"
source = "registry+https://github.com/rust-lang/crates.io-index"
dependencies = [
 "proc-macro2 0.4.3 (registry+https://github.com/rust-lang/crates.io-index)",
 "quote 0.6.2 (registry+https://github.com/rust-lang/crates.io-index)",
 "unicode-xid 0.1.0 (registry+https://github.com/rust-lang/crates.io-index)",
]

[[package]]
name = "synom"
version = "0.11.3"
source = "registry+https://github.com/rust-lang/crates.io-index"
dependencies = [
 "unicode-xid 0.0.4 (registry+https://github.com/rust-lang/crates.io-index)",
]

[[package]]
name = "synstructure"
version = "0.6.1"
source = "registry+https://github.com/rust-lang/crates.io-index"
dependencies = [
 "quote 0.3.15 (registry+https://github.com/rust-lang/crates.io-index)",
 "syn 0.11.11 (registry+https://github.com/rust-lang/crates.io-index)",
]

[[package]]
name = "tools"
version = "0.1.0"

[[package]]
name = "unicode-xid"
version = "0.0.4"
source = "registry+https://github.com/rust-lang/crates.io-index"

[[package]]
name = "unicode-xid"
version = "0.1.0"
source = "registry+https://github.com/rust-lang/crates.io-index"

[[package]]
name = "usize_conversions"
version = "0.2.0"
source = "registry+https://github.com/rust-lang/crates.io-index"

[[package]]
name = "ux"
version = "0.1.0"
source = "registry+https://github.com/rust-lang/crates.io-index"

[[package]]
name = "wasmparser"
version = "0.16.1"
source = "registry+https://github.com/rust-lang/crates.io-index"
dependencies = [
 "hashmap_core 0.1.5 (registry+https://github.com/rust-lang/crates.io-index)",
]

[[package]]
name = "x86_64"
version = "0.2.0-alpha-019"
source = "registry+https://github.com/rust-lang/crates.io-index"
dependencies = [
 "bit_field 0.9.0 (registry+https://github.com/rust-lang/crates.io-index)",
 "bitflags 1.0.1 (registry+https://github.com/rust-lang/crates.io-index)",
 "os_bootinfo 0.2.0 (registry+https://github.com/rust-lang/crates.io-index)",
 "usize_conversions 0.2.0 (registry+https://github.com/rust-lang/crates.io-index)",
 "ux 0.1.0 (registry+https://github.com/rust-lang/crates.io-index)",
]

[metadata]
"checksum bit_field 0.9.0 (registry+https://github.com/rust-lang/crates.io-index)" = "ed8765909f9009617974ab6b7d332625b320b33c326b1e9321382ef1999b5d56"
"checksum bitflags 0.7.0 (registry+https://github.com/rust-lang/crates.io-index)" = "aad18937a628ec6abcd26d1489012cc0e18c21798210f491af69ded9b881106d"
"checksum bitflags 1.0.1 (registry+https://github.com/rust-lang/crates.io-index)" = "b3c30d3802dfb7281680d6285f2ccdaa8c2d8fee41f93805dba5c4cf50dc23cf"
"checksum cc 1.0.14 (registry+https://github.com/rust-lang/crates.io-index)" = "6e9b718157695b866802180607488c861f3c640bf5c135544adf1be60a190418"
"checksum failure 0.1.1 (registry+https://github.com/rust-lang/crates.io-index)" = "934799b6c1de475a012a02dab0ace1ace43789ee4b99bcfbf1a2e3e8ced5de82"
"checksum failure_derive 0.1.1 (registry+https://github.com/rust-lang/crates.io-index)" = "c7cdda555bb90c9bb67a3b670a0f42de8e73f5981524123ad8578aafec8ddb8b"
"checksum hashmap_core 0.1.5 (registry+https://github.com/rust-lang/crates.io-index)" = "554facb1dae77357a9dac369ebba1b4f2d0d6c8a3b48b662be4bc76eee8f5264"
"checksum lazy_static 1.0.0 (registry+https://github.com/rust-lang/crates.io-index)" = "c8f31047daa365f19be14b47c29df4f7c3b581832407daabe6ae77397619237d"
"checksum os_bootinfo 0.2.0 (registry+https://github.com/rust-lang/crates.io-index)" = "6953a44ee0fb135c3870d27b5b3fecf71ce360e409218a8205517041a3e74356"
"checksum proc-macro2 0.4.3 (registry+https://github.com/rust-lang/crates.io-index)" = "a45f2f0ae0b5757f6fe9e68745ba25f5246aea3598984ed81d013865873c1f84"
"checksum quote 0.3.15 (registry+https://github.com/rust-lang/crates.io-index)" = "7a6e920b65c65f10b2ae65c831a81a073a89edd28c7cce89475bff467ab4167a"
"checksum quote 0.6.2 (registry+https://github.com/rust-lang/crates.io-index)" = "9e53eeda07ddbd8b057dde66d9beded11d0dfda13f0db0769e6b71d6bcf2074e"
"checksum raw-cpuid 3.1.0 (registry+https://github.com/rust-lang/crates.io-index)" = "233ec1847057cf4d4591a0d76908aa12812140b11ea7d7d05b4c38cadb069c31"
"checksum rlibc 1.0.0 (registry+https://github.com/rust-lang/crates.io-index)" = "fc874b127765f014d792f16763a81245ab80500e2ad921ed4ee9e82481ee08fe"
"checksum spin 0.4.7 (registry+https://github.com/rust-lang/crates.io-index)" = "dc28a8d2f2efa706fc9d3d074e265c1d529db41c1603679861662cb88e05e70a"
"checksum syn 0.11.11 (registry+https://github.com/rust-lang/crates.io-index)" = "d3b891b9015c88c576343b9b3e41c2c11a51c219ef067b264bd9c8aa9b441dad"
"checksum syn 0.14.0 (registry+https://github.com/rust-lang/crates.io-index)" = "99d991a9e7c33123925e511baab68f7ec25c3795962fe326a2395e5a42a614f0"
"checksum synom 0.11.3 (registry+https://github.com/rust-lang/crates.io-index)" = "a393066ed9010ebaed60b9eafa373d4b1baac186dd7e008555b0f702b51945b6"
"checksum synstructure 0.6.1 (registry+https://github.com/rust-lang/crates.io-index)" = "3a761d12e6d8dcb4dcf952a7a89b475e3a9d69e4a69307e01a470977642914bd"
"checksum unicode-xid 0.0.4 (registry+https://github.com/rust-lang/crates.io-index)" = "8c1f860d7d29cf02cb2f3f359fd35991af3d30bac52c57d265a3c461074cb4dc"
"checksum unicode-xid 0.1.0 (registry+https://github.com/rust-lang/crates.io-index)" = "fc72304796d0818e357ead4e000d19c9c174ab23dc11093ac919054d20a6a7fc"
"checksum usize_conversions 0.2.0 (registry+https://github.com/rust-lang/crates.io-index)" = "f70329e2cbe45d6c97a5112daad40c34cd9a4e18edb5a2a18fefeb584d8d25e5"
"checksum ux 0.1.0 (registry+https://github.com/rust-lang/crates.io-index)" = "8762764bede2cc5fa0fe3bd279e243258531bb51cff1f1ff9a3cb3d3a1ed5235"
"checksum wasmparser 0.16.1 (registry+https://github.com/rust-lang/crates.io-index)" = "4e58becacade32185edd389bc18fed36000d6c208d92cb46d5f93fa4c08a2e67"
"checksum x86_64 0.2.0-alpha-019 (registry+https://github.com/rust-lang/crates.io-index)" = "dc592fbe51c59b187c7790cdcc3e8cdf4a589061e152dc47e230158b37e8f110"
