[[package]]
name = "bitflags"
version = "1.0.4"
source = "registry+https://github.com/rust-lang/crates.io-index"

[[package]]
name = "e1000"
version = "0.1.0"
dependencies = [
 "sip 0.1.0",
]

[[package]]
name = "nebulet_abi"
version = "0.1.0"
source = "git+https://github.com/nebulet/abi#b815f90633fe9d8abc466a00a0ab75ad36fa010e"
dependencies = [
 "bitflags 1.0.4 (registry+https://github.com/rust-lang/crates.io-index)",
]

[[package]]
name = "ps2"
version = "0.1.0"
dependencies = [
 "sip 0.1.0 (git+https://github.com/nebulet/libsip)",
]

[[package]]
name = "sip"
version = "0.1.0"
source = "git+https://github.com/nebulet/libsip#3434f0a51586f4555091d47387c37e19985c21f0"
dependencies = [
 "nebulet_abi 0.1.0 (git+https://github.com/nebulet/abi)",
]

[[package]]
name = "sip"
version = "0.1.0"
dependencies = [
 "nebulet_abi 0.1.0 (git+https://github.com/nebulet/abi)",
]

[[package]]
name = "sipinit"
version = "0.1.0"
dependencies = [
 "sip 0.1.0 (git+https://github.com/nebulet/libsip)",
]

[[package]]
name = "vga"
version = "0.1.0"
dependencies = [
 "sip 0.1.0",
]

[metadata]
"checksum bitflags 1.0.4 (registry+https://github.com/rust-lang/crates.io-index)" = "228047a76f468627ca71776ecdebd732a3423081fcf5125585bcd7c49886ce12"
"checksum nebulet_abi 0.1.0 (git+https://github.com/nebulet/abi)" = "<none>"
"checksum sip 0.1.0 (git+https://github.com/nebulet/libsip)" = "<none>"
