[[package]]
name = "bitflags"
version = "1.0.3"
source = "registry+https://github.com/rust-lang/crates.io-index"

[[package]]
name = "nebulet_abi"
version = "0.1.0"
source = "git+https://github.com/nebulet/abi#b815f90633fe9d8abc466a00a0ab75ad36fa010e"
dependencies = [
 "bitflags 1.0.3 (registry+https://github.com/rust-lang/crates.io-index)",
]

[[package]]
name = "sip"
version = "0.1.0"
dependencies = [
 "nebulet_abi 0.1.0 (git+https://github.com/nebulet/abi)",
]

[[package]]
name = "userspace"
version = "0.1.0"
dependencies = [
 "sip 0.1.0",
]

[metadata]
"checksum bitflags 1.0.3 (registry+https://github.com/rust-lang/crates.io-index)" = "d0c54bb8f454c567f21197eefcdbf5679d0bd99f2ddbe52e84c77061952e6789"
"checksum nebulet_abi 0.1.0 (git+https://github.com/nebulet/abi)" = "<none>"
